// !$*UTF8*$!
{
	archiveVersion = 1;
	classes = {
	};
	objectVersion = 46;
	objects = {

/* Begin PBXBuildFile section */
		2FD895391F71E376008568D6 /* WebKit.framework in Frameworks */ = {isa = PBXBuildFile; fileRef = 2FD895381F71E376008568D6 /* WebKit.framework */; };
		2FD8953B1F71E5B6008568D6 /* QuoteViewController.swift in Sources */ = {isa = PBXBuildFile; fileRef = 2FD8953A1F71E5B6008568D6 /* QuoteViewController.swift */; };
		2FD895421F71F476008568D6 /* Quote.swift in Sources */ = {isa = PBXBuildFile; fileRef = 2FD895411F71F476008568D6 /* Quote.swift */; };
		2FD895441F71F66A008568D6 /* QuoteDeck.swift in Sources */ = {isa = PBXBuildFile; fileRef = 2FD895431F71F66A008568D6 /* QuoteDeck.swift */; };
		2FD895461F720492008568D6 /* TopicsViewController.swift in Sources */ = {isa = PBXBuildFile; fileRef = 2FD895451F720492008568D6 /* TopicsViewController.swift */; };
		2FFA73D51F69791A00C8A3AB /* AppDelegate.swift in Sources */ = {isa = PBXBuildFile; fileRef = 2FFA73D41F69791A00C8A3AB /* AppDelegate.swift */; };
		2FFA73DA1F69791A00C8A3AB /* Main.storyboard in Resources */ = {isa = PBXBuildFile; fileRef = 2FFA73D81F69791A00C8A3AB /* Main.storyboard */; };
		2FFA73DC1F69791A00C8A3AB /* Assets.xcassets in Resources */ = {isa = PBXBuildFile; fileRef = 2FFA73DB1F69791A00C8A3AB /* Assets.xcassets */; };
		2FFA73DF1F69791A00C8A3AB /* LaunchScreen.storyboard in Resources */ = {isa = PBXBuildFile; fileRef = 2FFA73DD1F69791A00C8A3AB /* LaunchScreen.storyboard */; };
/* End PBXBuildFile section */

/* Begin PBXFileReference section */
		2FD895381F71E376008568D6 /* WebKit.framework */ = {isa = PBXFileReference; lastKnownFileType = wrapper.framework; name = WebKit.framework; path = System/Library/Frameworks/WebKit.framework; sourceTree = SDKROOT; };
		2FD8953A1F71E5B6008568D6 /* QuoteViewController.swift */ = {isa = PBXFileReference; lastKnownFileType = sourcecode.swift; path = QuoteViewController.swift; sourceTree = "<group>"; };
		2FD895411F71F476008568D6 /* Quote.swift */ = {isa = PBXFileReference; lastKnownFileType = sourcecode.swift; path = Quote.swift; sourceTree = "<group>"; };
		2FD895431F71F66A008568D6 /* QuoteDeck.swift */ = {isa = PBXFileReference; lastKnownFileType = sourcecode.swift; path = QuoteDeck.swift; sourceTree = "<group>"; };
		2FD895451F720492008568D6 /* TopicsViewController.swift */ = {isa = PBXFileReference; lastKnownFileType = sourcecode.swift; path = TopicsViewController.swift; sourceTree = "<group>"; };
		2FFA73D11F69791A00C8A3AB /* FoundingFathersEx.app */ = {isa = PBXFileReference; explicitFileType = wrapper.application; includeInIndex = 0; path = FoundingFathersEx.app; sourceTree = BUILT_PRODUCTS_DIR; };
		2FFA73D41F69791A00C8A3AB /* AppDelegate.swift */ = {isa = PBXFileReference; lastKnownFileType = sourcecode.swift; path = AppDelegate.swift; sourceTree = "<group>"; };
		2FFA73D91F69791A00C8A3AB /* Base */ = {isa = PBXFileReference; lastKnownFileType = file.storyboard; name = Base; path = Base.lproj/Main.storyboard; sourceTree = "<group>"; };
		2FFA73DB1F69791A00C8A3AB /* Assets.xcassets */ = {isa = PBXFileReference; lastKnownFileType = folder.assetcatalog; path = Assets.xcassets; sourceTree = "<group>"; };
		2FFA73DE1F69791A00C8A3AB /* Base */ = {isa = PBXFileReference; lastKnownFileType = file.storyboard; name = Base; path = Base.lproj/LaunchScreen.storyboard; sourceTree = "<group>"; };
		2FFA73E01F69791A00C8A3AB /* Info.plist */ = {isa = PBXFileReference; lastKnownFileType = text.plist.xml; path = Info.plist; sourceTree = "<group>"; };
/* End PBXFileReference section */

/* Begin PBXFrameworksBuildPhase section */
		2FFA73CE1F69791A00C8A3AB /* Frameworks */ = {
			isa = PBXFrameworksBuildPhase;
			buildActionMask = 2147483647;
			files = (
				2FD895391F71E376008568D6 /* WebKit.framework in Frameworks */,
			);
			runOnlyForDeploymentPostprocessing = 0;
		};
/* End PBXFrameworksBuildPhase section */

/* Begin PBXGroup section */
		2FD895371F71E376008568D6 /* Frameworks */ = {
			isa = PBXGroup;
			children = (
				2FD895381F71E376008568D6 /* WebKit.framework */,
			);
			name = Frameworks;
			sourceTree = "<group>";
		};
		2FD8953C1F71F290008568D6 /* Model */ = {
			isa = PBXGroup;
			children = (
				2FD895411F71F476008568D6 /* Quote.swift */,
				2FD895431F71F66A008568D6 /* QuoteDeck.swift */,
			);
			path = Model;
			sourceTree = "<group>";
		};
		2FD8953D1F71F3DE008568D6 /* View */ = {
			isa = PBXGroup;
			children = (
				2FFA73D81F69791A00C8A3AB /* Main.storyboard */,
			);
			path = View;
			sourceTree = "<group>";
		};
		2FD8953E1F71F3EB008568D6 /* Controller */ = {
			isa = PBXGroup;
			children = (
				2FD8953A1F71E5B6008568D6 /* QuoteViewController.swift */,
				2FD895451F720492008568D6 /* TopicsViewController.swift */,
			);
			path = Controller;
			sourceTree = "<group>";
		};
		2FD895401F71F408008568D6 /* Supporting Files */ = {
			isa = PBXGroup;
			children = (
				2FFA73E01F69791A00C8A3AB /* Info.plist */,
				2FFA73DB1F69791A00C8A3AB /* Assets.xcassets */,
				2FFA73D41F69791A00C8A3AB /* AppDelegate.swift */,
				2FFA73DD1F69791A00C8A3AB /* LaunchScreen.storyboard */,
			);
			name = "Supporting Files";
			sourceTree = "<group>";
		};
		2FFA73C81F69791A00C8A3AB = {
			isa = PBXGroup;
			children = (
				2FFA73D31F69791A00C8A3AB /* FoundingFathersEx */,
				2FFA73D21F69791A00C8A3AB /* Products */,
				2FD895371F71E376008568D6 /* Frameworks */,
			);
			sourceTree = "<group>";
		};
		2FFA73D21F69791A00C8A3AB /* Products */ = {
			isa = PBXGroup;
			children = (
				2FFA73D11F69791A00C8A3AB /* FoundingFathersEx.app */,
			);
			name = Products;
			sourceTree = "<group>";
		};
		2FFA73D31F69791A00C8A3AB /* FoundingFathersEx */ = {
			isa = PBXGroup;
			children = (
				2FD8953C1F71F290008568D6 /* Model */,
				2FD8953D1F71F3DE008568D6 /* View */,
				2FD8953E1F71F3EB008568D6 /* Controller */,
				2FD895401F71F408008568D6 /* Supporting Files */,
			);
			path = FoundingFathersEx;
			sourceTree = "<group>";
		};
/* End PBXGroup section */

/* Begin PBXNativeTarget section */
		2FFA73D01F69791A00C8A3AB /* FoundingFathersEx */ = {
			isa = PBXNativeTarget;
			buildConfigurationList = 2FFA73E31F69791A00C8A3AB /* Build configuration list for PBXNativeTarget "FoundingFathersEx" */;
			buildPhases = (
				2FFA73CD1F69791A00C8A3AB /* Sources */,
				2FFA73CE1F69791A00C8A3AB /* Frameworks */,
				2FFA73CF1F69791A00C8A3AB /* Resources */,
			);
			buildRules = (
			);
			dependencies = (
			);
			name = FoundingFathersEx;
			productName = FoundingFathersEx;
			productReference = 2FFA73D11F69791A00C8A3AB /* FoundingFathersEx.app */;
			productType = "com.apple.product-type.application";
		};
/* End PBXNativeTarget section */

/* Begin PBXProject section */
		2FFA73C91F69791A00C8A3AB /* Project object */ = {
			isa = PBXProject;
			attributes = {
				LastSwiftUpdateCheck = 0830;
				LastUpgradeCheck = 0900;
				ORGANIZATIONNAME = "Tyler Mabey";
				TargetAttributes = {
					2FFA73D01F69791A00C8A3AB = {
						CreatedOnToolsVersion = 8.3.3;
						DevelopmentTeam = H5K9W8NTK2;
						LastSwiftMigration = 0900;
						ProvisioningStyle = Automatic;
					};
				};
			};
			buildConfigurationList = 2FFA73CC1F69791A00C8A3AB /* Build configuration list for PBXProject "FoundingFathersEx" */;
			compatibilityVersion = "Xcode 3.2";
			developmentRegion = English;
			hasScannedForEncodings = 0;
			knownRegions = (
				en,
				Base,
			);
			mainGroup = 2FFA73C81F69791A00C8A3AB;
			productRefGroup = 2FFA73D21F69791A00C8A3AB /* Products */;
			projectDirPath = "";
			projectRoot = "";
			targets = (
				2FFA73D01F69791A00C8A3AB /* FoundingFathersEx */,
			);
		};
/* End PBXProject section */

/* Begin PBXResourcesBuildPhase section */
		2FFA73CF1F69791A00C8A3AB /* Resources */ = {
			isa = PBXResourcesBuildPhase;
			buildActionMask = 2147483647;
			files = (
				2FFA73DF1F69791A00C8A3AB /* LaunchScreen.storyboard in Resources */,
				2FFA73DC1F69791A00C8A3AB /* Assets.xcassets in Resources */,
				2FFA73DA1F69791A00C8A3AB /* Main.storyboard in Resources */,
			);
			runOnlyForDeploymentPostprocessing = 0;
		};
/* End PBXResourcesBuildPhase section */

/* Begin PBXSourcesBuildPhase section */
		2FFA73CD1F69791A00C8A3AB /* Sources */ = {
			isa = PBXSourcesBuildPhase;
			buildActionMask = 2147483647;
			files = (
				2FD8953B1F71E5B6008568D6 /* QuoteViewController.swift in Sources */,
				2FD895421F71F476008568D6 /* Quote.swift in Sources */,
				2FFA73D51F69791A00C8A3AB /* AppDelegate.swift in Sources */,
				2FD895461F720492008568D6 /* TopicsViewController.swift in Sources */,
				2FD895441F71F66A008568D6 /* QuoteDeck.swift in Sources */,
			);
			runOnlyForDeploymentPostprocessing = 0;
		};
/* End PBXSourcesBuildPhase section */

/* Begin PBXVariantGroup section */
		2FFA73D81F69791A00C8A3AB /* Main.storyboard */ = {
			isa = PBXVariantGroup;
			children = (
				2FFA73D91F69791A00C8A3AB /* Base */,
			);
			name = Main.storyboard;
			sourceTree = "<group>";
		};
		2FFA73DD1F69791A00C8A3AB /* LaunchScreen.storyboard */ = {
			isa = PBXVariantGroup;
			children = (
				2FFA73DE1F69791A00C8A3AB /* Base */,
			);
			name = LaunchScreen.storyboard;
			sourceTree = "<group>";
		};
/* End PBXVariantGroup section */

/* Begin XCBuildConfiguration section */
		2FFA73E11F69791A00C8A3AB /* Debug */ = {
			isa = XCBuildConfiguration;
			buildSettings = {
				ALWAYS_SEARCH_USER_PATHS = NO;
				CLANG_ANALYZER_NONNULL = YES;
				CLANG_ANALYZER_NUMBER_OBJECT_CONVERSION = YES_AGGRESSIVE;
				CLANG_CXX_LANGUAGE_STANDARD = "gnu++0x";
				CLANG_CXX_LIBRARY = "libc++";
				CLANG_ENABLE_MODULES = YES;
				CLANG_ENABLE_OBJC_ARC = YES;
				CLANG_WARN_BLOCK_CAPTURE_AUTORELEASING = YES;
				CLANG_WARN_BOOL_CONVERSION = YES;
				CLANG_WARN_COMMA = YES;
				CLANG_WARN_CONSTANT_CONVERSION = YES;
				CLANG_WARN_DIRECT_OBJC_ISA_USAGE = YES_ERROR;
				CLANG_WARN_DOCUMENTATION_COMMENTS = YES;
				CLANG_WARN_EMPTY_BODY = YES;
				CLANG_WARN_ENUM_CONVERSION = YES;
				CLANG_WARN_INFINITE_RECURSION = YES;
				CLANG_WARN_INT_CONVERSION = YES;
				CLANG_WARN_NON_LITERAL_NULL_CONVERSION = YES;
				CLANG_WARN_OBJC_LITERAL_CONVERSION = YES;
				CLANG_WARN_OBJC_ROOT_CLASS = YES_ERROR;
				CLANG_WARN_RANGE_LOOP_ANALYSIS = YES;
				CLANG_WARN_STRICT_PROTOTYPES = YES;
				CLANG_WARN_SUSPICIOUS_MOVE = YES;
				CLANG_WARN_UNREACHABLE_CODE = YES;
				CLANG_WARN__DUPLICATE_METHOD_MATCH = YES;
				"CODE_SIGN_IDENTITY[sdk=iphoneos*]" = "iPhone Developer";
				COPY_PHASE_STRIP = NO;
				DEBUG_INFORMATION_FORMAT = dwarf;
				ENABLE_STRICT_OBJC_MSGSEND = YES;
				ENABLE_TESTABILITY = YES;
				GCC_C_LANGUAGE_STANDARD = gnu99;
				GCC_DYNAMIC_NO_PIC = NO;
				GCC_NO_COMMON_BLOCKS = YES;
				GCC_OPTIMIZATION_LEVEL = 0;
				GCC_PREPROCESSOR_DEFINITIONS = (
					"DEBUG=1",
					"$(inherited)",
				);
				GCC_WARN_64_TO_32_BIT_CONVERSION = YES;
				GCC_WARN_ABOUT_RETURN_TYPE = YES_ERROR;
				GCC_WARN_UNDECLARED_SELECTOR = YES;
				GCC_WARN_UNINITIALIZED_AUTOS = YES_AGGRESSIVE;
				GCC_WARN_UNUSED_FUNCTION = YES;
				GCC_WARN_UNUSED_VARIABLE = YES;
				IPHONEOS_DEPLOYMENT_TARGET = 11.0;
				MTL_ENABLE_DEBUG_INFO = YES;
				ONLY_ACTIVE_ARCH = YES;
				SDKROOT = iphoneos;
				SWIFT_ACTIVE_COMPILATION_CONDITIONS = DEBUG;
				SWIFT_OPTIMIZATION_LEVEL = "-Onone";
				TARGETED_DEVICE_FAMILY = "1,2";
			};
			name = Debug;
		};
		2FFA73E21F69791A00C8A3AB /* Release */ = {
			isa = XCBuildConfiguration;
			buildSettings = {
				ALWAYS_SEARCH_USER_PATHS = NO;
				CLANG_ANALYZER_NONNULL = YES;
				CLANG_ANALYZER_NUMBER_OBJECT_CONVERSION = YES_AGGRESSIVE;
				CLANG_CXX_LANGUAGE_STANDARD = "gnu++0x";
				CLANG_CXX_LIBRARY = "libc++";
				CLANG_ENABLE_MODULES = YES;
				CLANG_ENABLE_OBJC_ARC = YES;
				CLANG_WARN_BLOCK_CAPTURE_AUTORELEASING = YES;
				CLANG_WARN_BOOL_CONVERSION = YES;
				CLANG_WARN_COMMA = YES;
				CLANG_WARN_CONSTANT_CONVERSION = YES;
				CLANG_WARN_DIRECT_OBJC_ISA_USAGE = YES_ERROR;
				CLANG_WARN_DOCUMENTATION_COMMENTS = YES;
				CLANG_WARN_EMPTY_BODY = YES;
				CLANG_WARN_ENUM_CONVERSION = YES;
				CLANG_WARN_INFINITE_RECURSION = YES;
				CLANG_WARN_INT_CONVERSION = YES;
				CLANG_WARN_NON_LITERAL_NULL_CONVERSION = YES;
				CLANG_WARN_OBJC_LITERAL_CONVERSION = YES;
				CLANG_WARN_OBJC_ROOT_CLASS = YES_ERROR;
				CLANG_WARN_RANGE_LOOP_ANALYSIS = YES;
				CLANG_WARN_STRICT_PROTOTYPES = YES;
				CLANG_WARN_SUSPICIOUS_MOVE = YES;
				CLANG_WARN_UNREACHABLE_CODE = YES;
				CLANG_WARN__DUPLICATE_METHOD_MATCH = YES;
				"CODE_SIGN_IDENTITY[sdk=iphoneos*]" = "iPhone Developer";
				COPY_PHASE_STRIP = NO;
				DEBUG_INFORMATION_FORMAT = "dwarf-with-dsym";
				ENABLE_NS_ASSERTIONS = NO;
				ENABLE_STRICT_OBJC_MSGSEND = YES;
				GCC_C_LANGUAGE_STANDARD = gnu99;
				GCC_NO_COMMON_BLOCKS = YES;
				GCC_WARN_64_TO_32_BIT_CONVERSION = YES;
				GCC_WARN_ABOUT_RETURN_TYPE = YES_ERROR;
				GCC_WARN_UNDECLARED_SELECTOR = YES;
				GCC_WARN_UNINITIALIZED_AUTOS = YES_AGGRESSIVE;
				GCC_WARN_UNUSED_FUNCTION = YES;
				GCC_WARN_UNUSED_VARIABLE = YES;
				IPHONEOS_DEPLOYMENT_TARGET = 11.0;
				MTL_ENABLE_DEBUG_INFO = NO;
				SDKROOT = iphoneos;
				SWIFT_OPTIMIZATION_LEVEL = "-Owholemodule";
				TARGETED_DEVICE_FAMILY = "1,2";
				VALIDATE_PRODUCT = YES;
			};
			name = Release;
		};
		2FFA73E41F69791A00C8A3AB /* Debug */ = {
			isa = XCBuildConfiguration;
			buildSettings = {
				ASSETCATALOG_COMPILER_APPICON_NAME = AppIcon;
				DEVELOPMENT_TEAM = H5K9W8NTK2;
				INFOPLIST_FILE = FoundingFathersEx/Info.plist;
				IPHONEOS_DEPLOYMENT_TARGET = 11.0;
				LD_RUNPATH_SEARCH_PATHS = "$(inherited) @executable_path/Frameworks";
				PRODUCT_BUNDLE_IDENTIFIER = com.example.FoundingFathersEx;
				PRODUCT_NAME = "$(TARGET_NAME)";
				SWIFT_VERSION = 4.0;
			};
			name = Debug;
		};
		2FFA73E51F69791A00C8A3AB /* Release */ = {
			isa = XCBuildConfiguration;
			buildSettings = {
				ASSETCATALOG_COMPILER_APPICON_NAME = AppIcon;
				DEVELOPMENT_TEAM = H5K9W8NTK2;
				INFOPLIST_FILE = FoundingFathersEx/Info.plist;
				IPHONEOS_DEPLOYMENT_TARGET = 11.0;
				LD_RUNPATH_SEARCH_PATHS = "$(inherited) @executable_path/Frameworks";
				PRODUCT_BUNDLE_IDENTIFIER = com.example.FoundingFathersEx;
				PRODUCT_NAME = "$(TARGET_NAME)";
				SWIFT_VERSION = 4.0;
			};
			name = Release;
		};
/* End XCBuildConfiguration section */

/* Begin XCConfigurationList section */
		2FFA73CC1F69791A00C8A3AB /* Build configuration list for PBXProject "FoundingFathersEx" */ = {
			isa = XCConfigurationList;
			buildConfigurations = (
				2FFA73E11F69791A00C8A3AB /* Debug */,
				2FFA73E21F69791A00C8A3AB /* Release */,
			);
			defaultConfigurationIsVisible = 0;
			defaultConfigurationName = Release;
		};
		2FFA73E31F69791A00C8A3AB /* Build configuration list for PBXNativeTarget "FoundingFathersEx" */ = {
			isa = XCConfigurationList;
			buildConfigurations = (
				2FFA73E41F69791A00C8A3AB /* Debug */,
				2FFA73E51F69791A00C8A3AB /* Release */,
			);
			defaultConfigurationIsVisible = 0;
			defaultConfigurationName = Release;
		};
/* End XCConfigurationList section */
	};
	rootObject = 2FFA73C91F69791A00C8A3AB /* Project object */;
}
